
Microsoft Visual Studio Solution File, Format Version 12.00
# Visual Studio Version 17
VisualStudioVersion = 17.10.35013.160
MinimumVisualStudioVersion = 10.0.40219.1
Project("{FAE04EC0-301F-11D3-BF4B-00C04F79EFBC}") = "MonoGame - intro", "MonoGame - intro\MonoGame - intro.csproj", "{BAEF931E-BF14-4294-8DA2-46A271C722F2}"
EndProject
Global
	GlobalSection(SolutionConfigurationPlatforms) = preSolution
		Debug|Any CPU = Debug|Any CPU
		Release|Any CPU = Release|Any CPU
	EndGlobalSection
	GlobalSection(ProjectConfigurationPlatforms) = postSolution
		{BAEF931E-BF14-4294-8DA2-46A271C722F2}.Debug|Any CPU.ActiveCfg = Debug|Any CPU
		{BAEF931E-BF14-4294-8DA2-46A271C722F2}.Debug|Any CPU.Build.0 = Debug|Any CPU
		{BAEF931E-BF14-4294-8DA2-46A271C722F2}.Release|Any CPU.ActiveCfg = Release|Any CPU
		{BAEF931E-BF14-4294-8DA2-46A271C722F2}.Release|Any CPU.Build.0 = Release|Any CPU
	EndGlobalSection
	GlobalSection(SolutionProperties) = preSolution
		HideSolutionNode = FALSE
	EndGlobalSection
	GlobalSection(ExtensibilityGlobals) = postSolution
		SolutionGuid = {305C20A0-AC86-44D6-9A26-1DBAAFD83BC3}
	EndGlobalSection
EndGlobal
